
Microsoft Visual Studio Solution File, Format Version 12.00
# Visual Studio Version 17
VisualStudioVersion = 17.14.36518.9 d17.14
MinimumVisualStudioVersion = 10.0.40219.1
Project("{FAE04EC0-301F-11D3-BF4B-00C04F79EFBC}") = "encapsulation", "encapsulation\encapsulation.csproj", "{5D523ABD-D17E-4DBF-95F7-DA1C323300E0}"
EndProject
Project("{FAE04EC0-301F-11D3-BF4B-00C04F79EFBC}") = "TestModifierLibrary", "TestModifierLibrary\TestModifierLibrary.csproj", "{358E7D80-4CE0-4A81-BF98-A7EF61BED40E}"
EndProject
Global
	GlobalSection(SolutionConfigurationPlatforms) = preSolution
		Debug|Any CPU = Debug|Any CPU
		Release|Any CPU = Release|Any CPU
	EndGlobalSection
	GlobalSection(ProjectConfigurationPlatforms) = postSolution
		{5D523ABD-D17E-4DBF-95F7-DA1C323300E0}.Debug|Any CPU.ActiveCfg = Debug|Any CPU
		{5D523ABD-D17E-4DBF-95F7-DA1C323300E0}.Debug|Any CPU.Build.0 = Debug|Any CPU
		{5D523ABD-D17E-4DBF-95F7-DA1C323300E0}.Release|Any CPU.ActiveCfg = Release|Any CPU
		{5D523ABD-D17E-4DBF-95F7-DA1C323300E0}.Release|Any CPU.Build.0 = Release|Any CPU
		{358E7D80-4CE0-4A81-BF98-A7EF61BED40E}.Debug|Any CPU.ActiveCfg = Debug|Any CPU
		{358E7D80-4CE0-4A81-BF98-A7EF61BED40E}.Debug|Any CPU.Build.0 = Debug|Any CPU
		{358E7D80-4CE0-4A81-BF98-A7EF61BED40E}.Release|Any CPU.ActiveCfg = Release|Any CPU
		{358E7D80-4CE0-4A81-BF98-A7EF61BED40E}.Release|Any CPU.Build.0 = Release|Any CPU
	EndGlobalSection
	GlobalSection(SolutionProperties) = preSolution
		HideSolutionNode = FALSE
	EndGlobalSection
	GlobalSection(ExtensibilityGlobals) = postSolution
		SolutionGuid = {84B010D9-5B4A-4F2E-BEE7-CC477A601FF1}
	EndGlobalSection
EndGlobal
