
Microsoft Visual Studio Solution File, Format Version 12.00
# Visual Studio Version 17
VisualStudioVersion = 17.14.36603.0 d17.14
MinimumVisualStudioVersion = 10.0.40219.1
Project("{FAE04EC0-301F-11D3-BF4B-00C04F79EFBC}") = "Task6_1", "Task6_1\Task6_1.csproj", "{729A4178-3D88-4F4F-A2A8-2EE1989481BC}"
EndProject
Project("{FAE04EC0-301F-11D3-BF4B-00C04F79EFBC}") = "Interface", "Interface\Interface.csproj", "{125717BE-5984-4747-82A0-CCA750C222E0}"
EndProject
Global
	GlobalSection(SolutionConfigurationPlatforms) = preSolution
		Debug|Any CPU = Debug|Any CPU
		Release|Any CPU = Release|Any CPU
	EndGlobalSection
	GlobalSection(ProjectConfigurationPlatforms) = postSolution
		{729A4178-3D88-4F4F-A2A8-2EE1989481BC}.Debug|Any CPU.ActiveCfg = Debug|Any CPU
		{729A4178-3D88-4F4F-A2A8-2EE1989481BC}.Debug|Any CPU.Build.0 = Debug|Any CPU
		{729A4178-3D88-4F4F-A2A8-2EE1989481BC}.Release|Any CPU.ActiveCfg = Release|Any CPU
		{729A4178-3D88-4F4F-A2A8-2EE1989481BC}.Release|Any CPU.Build.0 = Release|Any CPU
		{125717BE-5984-4747-82A0-CCA750C222E0}.Debug|Any CPU.ActiveCfg = Debug|Any CPU
		{125717BE-5984-4747-82A0-CCA750C222E0}.Debug|Any CPU.Build.0 = Debug|Any CPU
		{125717BE-5984-4747-82A0-CCA750C222E0}.Release|Any CPU.ActiveCfg = Release|Any CPU
		{125717BE-5984-4747-82A0-CCA750C222E0}.Release|Any CPU.Build.0 = Release|Any CPU
	EndGlobalSection
	GlobalSection(SolutionProperties) = preSolution
		HideSolutionNode = FALSE
	EndGlobalSection
	GlobalSection(ExtensibilityGlobals) = postSolution
		SolutionGuid = {E202F898-C65E-400B-9120-1860A2AC1B16}
	EndGlobalSection
EndGlobal
